
Microsoft Visual Studio Solution File, Format Version 12.00
# Visual Studio Version 17
VisualStudioVersion = 17.5.002.0
MinimumVisualStudioVersion = 10.0.40219.1
Project("{9A19103F-16F7-4668-BE54-9A1E7A4F7556}") = ".NetTasks", ".NetTasks.csproj", "{6B073EF5-A7F1-439C-ACCC-DA590F8A9BF8}"
EndProject
Global
	GlobalSection(SolutionConfigurationPlatforms) = preSolution
		Debug|Any CPU = Debug|Any CPU
		Release|Any CPU = Release|Any CPU
	EndGlobalSection
	GlobalSection(ProjectConfigurationPlatforms) = postSolution
		{6B073EF5-A7F1-439C-ACCC-DA590F8A9BF8}.Debug|Any CPU.ActiveCfg = Debug|Any CPU
		{6B073EF5-A7F1-439C-ACCC-DA590F8A9BF8}.Debug|Any CPU.Build.0 = Debug|Any CPU
		{6B073EF5-A7F1-439C-ACCC-DA590F8A9BF8}.Release|Any CPU.ActiveCfg = Release|Any CPU
		{6B073EF5-A7F1-439C-ACCC-DA590F8A9BF8}.Release|Any CPU.Build.0 = Release|Any CPU
	EndGlobalSection
	GlobalSection(SolutionProperties) = preSolution
		HideSolutionNode = FALSE
	EndGlobalSection
	GlobalSection(ExtensibilityGlobals) = postSolution
		SolutionGuid = {7F248CA2-D3E8-457D-808E-6AA2F51A700B}
	EndGlobalSection
EndGlobal
